
Microsoft Visual Studio Solution File, Format Version 12.00
# Visual Studio Version 17
VisualStudioVersion = 17.8.34330.188
MinimumVisualStudioVersion = 10.0.40219.1
Project("{FAE04EC0-301F-11D3-BF4B-00C04F79EFBC}") = "DataCollector", "DataCollector\DataCollector.csproj", "{DF41B617-CF36-4ABD-AF55-A9E5EA64B395}"
EndProject
Global
	GlobalSection(SolutionConfigurationPlatforms) = preSolution
		Debug|Any CPU = Debug|Any CPU
		Release|Any CPU = Release|Any CPU
	EndGlobalSection
	GlobalSection(ProjectConfigurationPlatforms) = postSolution
		{DF41B617-CF36-4ABD-AF55-A9E5EA64B395}.Debug|Any CPU.ActiveCfg = Debug|Any CPU
		{DF41B617-CF36-4ABD-AF55-A9E5EA64B395}.Debug|Any CPU.Build.0 = Debug|Any CPU
		{DF41B617-CF36-4ABD-AF55-A9E5EA64B395}.Release|Any CPU.ActiveCfg = Release|Any CPU
		{DF41B617-CF36-4ABD-AF55-A9E5EA64B395}.Release|Any CPU.Build.0 = Release|Any CPU
	EndGlobalSection
	GlobalSection(SolutionProperties) = preSolution
		HideSolutionNode = FALSE
	EndGlobalSection
	GlobalSection(ExtensibilityGlobals) = postSolution
		SolutionGuid = {32263267-0F47-486A-A0B8-0F7A642AA688}
	EndGlobalSection
EndGlobal
